
Microsoft Visual Studio Solution File, Format Version 12.00
# Visual Studio Version 17
VisualStudioVersion = 17.8.34219.65
MinimumVisualStudioVersion = 10.0.40219.1
Project("{FAE04EC0-301F-11D3-BF4B-00C04F79EFBC}") = "try1", "try1.csproj", "{37DCE0AB-AE7C-4CE1-B030-DFB290973666}"
EndProject
Global
	GlobalSection(SolutionConfigurationPlatforms) = preSolution
		Debug|Any CPU = Debug|Any CPU
		Release|Any CPU = Release|Any CPU
	EndGlobalSection
	GlobalSection(ProjectConfigurationPlatforms) = postSolution
		{37DCE0AB-AE7C-4CE1-B030-DFB290973666}.Debug|Any CPU.ActiveCfg = Debug|Any CPU
		{37DCE0AB-AE7C-4CE1-B030-DFB290973666}.Debug|Any CPU.Build.0 = Debug|Any CPU
		{37DCE0AB-AE7C-4CE1-B030-DFB290973666}.Release|Any CPU.ActiveCfg = Release|Any CPU
		{37DCE0AB-AE7C-4CE1-B030-DFB290973666}.Release|Any CPU.Build.0 = Release|Any CPU
	EndGlobalSection
	GlobalSection(SolutionProperties) = preSolution
		HideSolutionNode = FALSE
	EndGlobalSection
	GlobalSection(ExtensibilityGlobals) = postSolution
		SolutionGuid = {FAF1771A-66CC-4103-A6DA-1A0A63DEB0CD}
	EndGlobalSection
EndGlobal
